
Microsoft Visual Studio Solution File, Format Version 12.00
# Visual Studio 15
VisualStudioVersion = 15.0.28010.2036
MinimumVisualStudioVersion = 10.0.40219.1
Project("{FAE04EC0-301F-11D3-BF4B-00C04F79EFBC}") = "CostumeColour64", "CostumeColour64\CostumeColour64.csproj", "{266E404F-E303-467B-A07F-DF64C12296B0}"
EndProject
Global
	GlobalSection(SolutionConfigurationPlatforms) = preSolution
		Debug|Any CPU = Debug|Any CPU
		Release|Any CPU = Release|Any CPU
	EndGlobalSection
	GlobalSection(ProjectConfigurationPlatforms) = postSolution
		{266E404F-E303-467B-A07F-DF64C12296B0}.Debug|Any CPU.ActiveCfg = Debug|Any CPU
		{266E404F-E303-467B-A07F-DF64C12296B0}.Debug|Any CPU.Build.0 = Debug|Any CPU
		{266E404F-E303-467B-A07F-DF64C12296B0}.Release|Any CPU.ActiveCfg = Release|Any CPU
		{266E404F-E303-467B-A07F-DF64C12296B0}.Release|Any CPU.Build.0 = Release|Any CPU
	EndGlobalSection
	GlobalSection(SolutionProperties) = preSolution
		HideSolutionNode = FALSE
	EndGlobalSection
	GlobalSection(ExtensibilityGlobals) = postSolution
		SolutionGuid = {3C54AD80-6DC0-4E21-8A61-B9DA1BD3A1CF}
	EndGlobalSection
EndGlobal
